
Microsoft Visual Studio Solution File, Format Version 12.00
# Visual Studio 15
VisualStudioVersion = 15.0.27130.2010
MinimumVisualStudioVersion = 10.0.40219.1
Project("{FAE04EC0-301F-11D3-BF4B-00C04F79EFBC}") = "guessNumber", "guessNumber\guessNumber.csproj", "{91A22E7B-E2FF-46EE-88A9-1A5B387B27BC}"
EndProject
Global
	GlobalSection(SolutionConfigurationPlatforms) = preSolution
		Debug|Any CPU = Debug|Any CPU
		Release|Any CPU = Release|Any CPU
	EndGlobalSection
	GlobalSection(ProjectConfigurationPlatforms) = postSolution
		{91A22E7B-E2FF-46EE-88A9-1A5B387B27BC}.Debug|Any CPU.ActiveCfg = Debug|Any CPU
		{91A22E7B-E2FF-46EE-88A9-1A5B387B27BC}.Debug|Any CPU.Build.0 = Debug|Any CPU
		{91A22E7B-E2FF-46EE-88A9-1A5B387B27BC}.Release|Any CPU.ActiveCfg = Release|Any CPU
		{91A22E7B-E2FF-46EE-88A9-1A5B387B27BC}.Release|Any CPU.Build.0 = Release|Any CPU
	EndGlobalSection
	GlobalSection(SolutionProperties) = preSolution
		HideSolutionNode = FALSE
	EndGlobalSection
	GlobalSection(ExtensibilityGlobals) = postSolution
		SolutionGuid = {6B1A4373-DAC2-4358-A4EA-AB183186A6CC}
	EndGlobalSection
EndGlobal
